# This file is automatically @generated by Cargo.
# It is not intended for manual editing.
version = 3

[[package]]
name = "bincode2"
version = "2.0.4"
source = "git+https://github.com/jredrado/bincode2.git?branch=master#43c5fb6f29e42a757ab989a3b6ca83c4729d36cc"
dependencies = [
 "byteorder_bare-io",
 "core2",
 "serde",
 "thiserror_core2",
]

[[package]]
name = "byteorder_bare-io"
version = "0.3.0+byteorder.1.3.4"
source = "git+https://github.com/jredrado/byteorder.git?branch=update-to-core2#2b848f7ec7651d83a0005b578d636633aa320f6f"
dependencies = [
 "core2",
]

[[package]]
name = "core2"
version = "0.3.5"
source = "git+https://github.com/jredrado/core2?branch=main#de5fde56c113bc385b261cb5c940b9b4f8e675a2"
dependencies = [
 "memchr",
]

[[package]]
name = "ioslice"
version = "0.6.0-alpha.2"
source = "git+https://github.com/jredrado/ioslice-rs.git?branch=master#a39f1a64f813c4e390f1abe2779491e216be26ea"

[[package]]
name = "lunatic"
version = "0.9.1"
dependencies = [
 "bincode2",
 "core2",
 "ioslice",
 "lunatic-macros",
 "lunatic-test",
 "no-std-net",
 "paste",
 "serde",
 "thiserror_core2",
]

[[package]]
name = "lunatic-macros"
version = "0.9.0"
dependencies = [
 "quote",
 "syn",
]

[[package]]
name = "lunatic-test"
version = "0.9.0"
dependencies = [
 "quote",
 "syn",
]

[[package]]
name = "memchr"
version = "2.5.0"
source = "registry+https://github.com/rust-lang/crates.io-index"
checksum = "2dffe52ecf27772e601905b7522cb4ef790d2cc203488bbd0e2fe85fcb74566d"

[[package]]
name = "no-std-net"
version = "0.6.1"
source = "git+https://github.com/jredrado/no-std-net.git?branch=master#f6851072af003d86aadd0256e44ed0923fc48944"

[[package]]
name = "paste"
version = "1.0.7"
source = "registry+https://github.com/rust-lang/crates.io-index"
checksum = "0c520e05135d6e763148b6426a837e239041653ba7becd2e538c076c738025fc"

[[package]]
name = "proc-macro2"
version = "1.0.39"
source = "registry+https://github.com/rust-lang/crates.io-index"
checksum = "c54b25569025b7fc9651de43004ae593a75ad88543b17178aa5e1b9c4f15f56f"
dependencies = [
 "unicode-ident",
]

[[package]]
name = "quote"
version = "1.0.18"
source = "registry+https://github.com/rust-lang/crates.io-index"
checksum = "a1feb54ed693b93a84e14094943b84b7c4eae204c512b7ccb95ab0c66d278ad1"
dependencies = [
 "proc-macro2",
]

[[package]]
name = "serde"
version = "1.0.137"
source = "registry+https://github.com/rust-lang/crates.io-index"
checksum = "61ea8d54c77f8315140a05f4c7237403bf38b72704d031543aa1d16abbf517d1"
dependencies = [
 "serde_derive",
]

[[package]]
name = "serde_derive"
version = "1.0.137"
source = "registry+https://github.com/rust-lang/crates.io-index"
checksum = "1f26faba0c3959972377d3b2d306ee9f71faee9714294e41bb777f83f88578be"
dependencies = [
 "proc-macro2",
 "quote",
 "syn",
]

[[package]]
name = "syn"
version = "1.0.96"
source = "registry+https://github.com/rust-lang/crates.io-index"
checksum = "0748dd251e24453cb8717f0354206b91557e4ec8703673a4b30208f2abaf1ebf"
dependencies = [
 "proc-macro2",
 "quote",
 "unicode-ident",
]

[[package]]
name = "thiserror_core2"
version = "2.0.0"
source = "git+https://github.com/jredrado/thiserror-core2.git#cccace45cd9d083175fe68c904765201c7f84cce"
dependencies = [
 "core2",
 "thiserror_core2-impl",
]

[[package]]
name = "thiserror_core2-impl"
version = "2.0.0"
source = "git+https://github.com/jredrado/thiserror-core2.git#cccace45cd9d083175fe68c904765201c7f84cce"
dependencies = [
 "proc-macro2",
 "quote",
 "syn",
]

[[package]]
name = "unicode-ident"
version = "1.0.0"
source = "registry+https://github.com/rust-lang/crates.io-index"
checksum = "d22af068fba1eb5edcb4aea19d382b2a3deb4c8f9d475c589b6ada9e0fd493ee"
